{
  "name": "openhab_rules_tools",
  "version": "2.1.0",
  "lockfileVersion": 2,
  "requires": true,
  "packages": {
    "": {
      "name": "openhab_rules_tools",
      "version": "2.1.0",
      "license": "EPL-2.0",
      "devDependencies": {
        "openhab": "^5.11.1"
      }
    },
    "node_modules/@js-joda/core": {
      "version": "5.6.5",
      "resolved": "https://registry.npmjs.org/@js-joda/core/-/core-5.6.5.tgz",
      "integrity": "sha512-3zwefSMwHpu8iVUW8YYz227sIv6UFqO31p1Bf1ZH/Vom7CmNyUsXjDBlnNzcuhmOL1XfxZ3nvND42kR23XlbcQ==",
      "dev": true
    },
    "node_modules/@js-joda/timezone": {
      "version": "2.22.0",
      "resolved": "https://registry.npmjs.org/@js-joda/timezone/-/timezone-2.22.0.tgz",
      "integrity": "sha512-9UNXxEztbcofD6XvV7xPrbzB2nE/AWaHr/XfugRZgVqg2vCZOVPnD8QI7GW164EFIWMw0c97Gs6STJ5dh0J99Q==",
      "dev": true,
      "peerDependencies": {
        "@js-joda/core": ">=1.11.0"
      }
    },
    "node_modules/openhab": {
      "version": "5.11.1",
      "resolved": "https://registry.npmjs.org/openhab/-/openhab-5.11.1.tgz",
      "integrity": "sha512-fRTJY1E3Owzaw3JfjIfD3oVX5Cv9qyH82STtPvGgGO2spCRExj0ehTdWcnKQMfLTsCz3mt1UROFp6gdhn+x8Vw==",
      "dev": true,
      "dependencies": {
        "@js-joda/core": "^5.6.4",
        "@js-joda/timezone": "^2.21.2"
      },
      "funding": {
        "type": "openHAB Foundation",
        "url": "https://www.openhab.org/about/donate.html"
      }
    }
  },
  "dependencies": {
    "@js-joda/core": {
      "version": "5.6.5",
      "resolved": "https://registry.npmjs.org/@js-joda/core/-/core-5.6.5.tgz",
      "integrity": "sha512-3zwefSMwHpu8iVUW8YYz227sIv6UFqO31p1Bf1ZH/Vom7CmNyUsXjDBlnNzcuhmOL1XfxZ3nvND42kR23XlbcQ==",
      "dev": true
    },
    "@js-joda/timezone": {
      "version": "2.22.0",
      "resolved": "https://registry.npmjs.org/@js-joda/timezone/-/timezone-2.22.0.tgz",
      "integrity": "sha512-9UNXxEztbcofD6XvV7xPrbzB2nE/AWaHr/XfugRZgVqg2vCZOVPnD8QI7GW164EFIWMw0c97Gs6STJ5dh0J99Q==",
      "dev": true,
      "requires": {}
    },
    "openhab": {
      "version": "5.11.1",
      "resolved": "https://registry.npmjs.org/openhab/-/openhab-5.11.1.tgz",
      "integrity": "sha512-fRTJY1E3Owzaw3JfjIfD3oVX5Cv9qyH82STtPvGgGO2spCRExj0ehTdWcnKQMfLTsCz3mt1UROFp6gdhn+x8Vw==",
      "dev": true,
      "requires": {
        "@js-joda/core": "^5.6.4",
        "@js-joda/timezone": "^2.21.2"
      }
    }
  }
}
