{
  "name": "openhab_rules_tools",
  "version": "1.1.4",
  "lockfileVersion": 2,
  "requires": true,
  "packages": {
    "": {
      "name": "openhab_rules_tools",
      "version": "1.1.4",
      "license": "EPL-2.0",
      "devDependencies": {
        "openhab": "^3.1.2"
      }
    },
    "node_modules/@js-joda/core": {
      "version": "4.3.1",
      "resolved": "https://registry.npmjs.org/@js-joda/core/-/core-4.3.1.tgz",
      "integrity": "sha512-oeaetlodcqVsiZDxnEcqsbs+sXBkASxua0mXs5OXuPQXz3/wdPTMlxwfQ4z2HKcOik3S9voW3QJkp/KLWDhvRQ==",
      "dev": true
    },
    "node_modules/@js-joda/timezone": {
      "version": "2.14.0",
      "resolved": "https://registry.npmjs.org/@js-joda/timezone/-/timezone-2.14.0.tgz",
      "integrity": "sha512-P1Ft2yyVdHOrBSGC73NMs8rJEkk8VbDGD3iXcI15jfBC3MxYhorl/0n6pCUG+Vsy8i0GvEudP4ELSGu0mq46MA==",
      "dev": true,
      "peerDependencies": {
        "@js-joda/core": ">=1.11.0"
      }
    },
    "node_modules/of-type": {
      "version": "3.0.4",
      "resolved": "https://registry.npmjs.org/of-type/-/of-type-3.0.4.tgz",
      "integrity": "sha512-xPRrHy1QYTHnGaNDYIHvaVS2J5pimc3OAcjYamYJ6YbE4dirt2elfI+r5888AQj+M+gqmBIH3+x6tlnYeJMvHw==",
      "dev": true
    },
    "node_modules/openhab": {
      "version": "3.1.2",
      "resolved": "https://registry.npmjs.org/openhab/-/openhab-3.1.2.tgz",
      "integrity": "sha512-vnICylGf4+kzVkQ2A/izvZrrDQAjH6jM7116cxngIVwixWbyxIjdPVJ3Hyi5tD4i3JbkDj1JB3AJSgmgIS44rg==",
      "dev": true,
      "dependencies": {
        "@js-joda/core": "^4.3.1",
        "@js-joda/timezone": "^2.11.1",
        "parse-duration": "^0.1.1",
        "typeof-arguments": "^5.1.3"
      }
    },
    "node_modules/parse-duration": {
      "version": "0.1.3",
      "resolved": "https://registry.npmjs.org/parse-duration/-/parse-duration-0.1.3.tgz",
      "integrity": "sha512-hMOZHfUmjxO5hMKn7Eft+ckP2M4nV4yzauLXiw3PndpkASnx5r8pDAMcOAiqxoemqWjMWmz4fOHQM6n6WwETXw==",
      "dev": true
    },
    "node_modules/typeof-arguments": {
      "version": "5.1.3",
      "resolved": "https://registry.npmjs.org/typeof-arguments/-/typeof-arguments-5.1.3.tgz",
      "integrity": "sha512-7whUbYkiTfdYYtx8v4e/9MhTTynsIkF3ICIG0rZlNrnt3Y8/716zABl3k/HifNjwUq8WljuDCWqGkrAwocNIKQ==",
      "dev": true,
      "dependencies": {
        "of-type": "^3.0.3"
      }
    }
  },
  "dependencies": {
    "@js-joda/core": {
      "version": "4.3.1",
      "resolved": "https://registry.npmjs.org/@js-joda/core/-/core-4.3.1.tgz",
      "integrity": "sha512-oeaetlodcqVsiZDxnEcqsbs+sXBkASxua0mXs5OXuPQXz3/wdPTMlxwfQ4z2HKcOik3S9voW3QJkp/KLWDhvRQ==",
      "dev": true
    },
    "@js-joda/timezone": {
      "version": "2.14.0",
      "resolved": "https://registry.npmjs.org/@js-joda/timezone/-/timezone-2.14.0.tgz",
      "integrity": "sha512-P1Ft2yyVdHOrBSGC73NMs8rJEkk8VbDGD3iXcI15jfBC3MxYhorl/0n6pCUG+Vsy8i0GvEudP4ELSGu0mq46MA==",
      "dev": true,
      "requires": {}
    },
    "of-type": {
      "version": "3.0.4",
      "resolved": "https://registry.npmjs.org/of-type/-/of-type-3.0.4.tgz",
      "integrity": "sha512-xPRrHy1QYTHnGaNDYIHvaVS2J5pimc3OAcjYamYJ6YbE4dirt2elfI+r5888AQj+M+gqmBIH3+x6tlnYeJMvHw==",
      "dev": true
    },
    "openhab": {
      "version": "3.1.2",
      "resolved": "https://registry.npmjs.org/openhab/-/openhab-3.1.2.tgz",
      "integrity": "sha512-vnICylGf4+kzVkQ2A/izvZrrDQAjH6jM7116cxngIVwixWbyxIjdPVJ3Hyi5tD4i3JbkDj1JB3AJSgmgIS44rg==",
      "dev": true,
      "requires": {
        "@js-joda/core": "^4.3.1",
        "@js-joda/timezone": "^2.11.1",
        "parse-duration": "^0.1.1",
        "typeof-arguments": "^5.1.3"
      }
    },
    "parse-duration": {
      "version": "0.1.3",
      "resolved": "https://registry.npmjs.org/parse-duration/-/parse-duration-0.1.3.tgz",
      "integrity": "sha512-hMOZHfUmjxO5hMKn7Eft+ckP2M4nV4yzauLXiw3PndpkASnx5r8pDAMcOAiqxoemqWjMWmz4fOHQM6n6WwETXw==",
      "dev": true
    },
    "typeof-arguments": {
      "version": "5.1.3",
      "resolved": "https://registry.npmjs.org/typeof-arguments/-/typeof-arguments-5.1.3.tgz",
      "integrity": "sha512-7whUbYkiTfdYYtx8v4e/9MhTTynsIkF3ICIG0rZlNrnt3Y8/716zABl3k/HifNjwUq8WljuDCWqGkrAwocNIKQ==",
      "dev": true,
      "requires": {
        "of-type": "^3.0.3"
      }
    }
  }
}
