uid: rules_tools:alarm_clock
label: Schedules a timer to run a script
description: This will trigger on an update to a DateTime Item and schedule a timer to call another script at the DateTime's state.
configDescriptions:
  - name: alarmTime
    type: TEXT
    context: item
    label: Alarm Time Item
    required: true
    description: Item that holds the date and time to run the script.
triggers:
  - id: "1"
    configuration:
      itemName: ${alarmTime}
    type: core.ItemStateChangeTrigger
conditions: []
actions:
  - inputs: {}
    id: "2"
    configuration:
      type: application/javascript
      script: >-
        // Change to ID of the Script Rule
    type: script.ScriptAction
